// !$*UTF8*$!
{
	archiveVersion = 1;
	classes = {
	};
	objectVersion = 50;
	objects = {

/* Begin PBXBuildFile section */
		582315A1260D89D400196ECC /* ObservableElement.swift in Sources */ = {isa = PBXBuildFile; fileRef = 582315A0260D89D400196ECC /* ObservableElement.swift */; };
		58799BC626026439001B9E56 /* AppDelegate.swift in Sources */ = {isa = PBXBuildFile; fileRef = 58799BC526026439001B9E56 /* AppDelegate.swift */; };
		58799BC826026439001B9E56 /* SceneDelegate.swift in Sources */ = {isa = PBXBuildFile; fileRef = 58799BC726026439001B9E56 /* SceneDelegate.swift */; };
		58799BCA26026439001B9E56 /* ViewController.swift in Sources */ = {isa = PBXBuildFile; fileRef = 58799BC926026439001B9E56 /* ViewController.swift */; };
		58799BCD26026439001B9E56 /* Main.storyboard in Resources */ = {isa = PBXBuildFile; fileRef = 58799BCB26026439001B9E56 /* Main.storyboard */; };
		58799BCF2602643E001B9E56 /* Assets.xcassets in Resources */ = {isa = PBXBuildFile; fileRef = 58799BCE2602643E001B9E56 /* Assets.xcassets */; };
		58799BD22602643E001B9E56 /* LaunchScreen.storyboard in Resources */ = {isa = PBXBuildFile; fileRef = 58799BD02602643E001B9E56 /* LaunchScreen.storyboard */; };
		58799BDB26026747001B9E56 /* Inceptionv3.mlmodel in Sources */ = {isa = PBXBuildFile; fileRef = 58799BDA26026747001B9E56 /* Inceptionv3.mlmodel */; };
/* End PBXBuildFile section */

/* Begin PBXFileReference section */
		582315A0260D89D400196ECC /* ObservableElement.swift */ = {isa = PBXFileReference; lastKnownFileType = sourcecode.swift; path = ObservableElement.swift; sourceTree = "<group>"; };
		58799BC226026439001B9E56 /* ISeeFoods.app */ = {isa = PBXFileReference; explicitFileType = wrapper.application; includeInIndex = 0; path = ISeeFoods.app; sourceTree = BUILT_PRODUCTS_DIR; };
		58799BC526026439001B9E56 /* AppDelegate.swift */ = {isa = PBXFileReference; lastKnownFileType = sourcecode.swift; path = AppDelegate.swift; sourceTree = "<group>"; };
		58799BC726026439001B9E56 /* SceneDelegate.swift */ = {isa = PBXFileReference; lastKnownFileType = sourcecode.swift; path = SceneDelegate.swift; sourceTree = "<group>"; };
		58799BC926026439001B9E56 /* ViewController.swift */ = {isa = PBXFileReference; lastKnownFileType = sourcecode.swift; path = ViewController.swift; sourceTree = "<group>"; };
		58799BCC26026439001B9E56 /* Base */ = {isa = PBXFileReference; lastKnownFileType = file.storyboard; name = Base; path = Base.lproj/Main.storyboard; sourceTree = "<group>"; };
		58799BCE2602643E001B9E56 /* Assets.xcassets */ = {isa = PBXFileReference; lastKnownFileType = folder.assetcatalog; path = Assets.xcassets; sourceTree = "<group>"; };
		58799BD12602643E001B9E56 /* Base */ = {isa = PBXFileReference; lastKnownFileType = file.storyboard; name = Base; path = Base.lproj/LaunchScreen.storyboard; sourceTree = "<group>"; };
		58799BD32602643E001B9E56 /* Info.plist */ = {isa = PBXFileReference; lastKnownFileType = text.plist.xml; path = Info.plist; sourceTree = "<group>"; };
		58799BDA26026747001B9E56 /* Inceptionv3.mlmodel */ = {isa = PBXFileReference; lastKnownFileType = file.mlmodel; path = Inceptionv3.mlmodel; sourceTree = "<group>"; };
/* End PBXFileReference section */

/* Begin PBXFrameworksBuildPhase section */
		58799BBF26026439001B9E56 /* Frameworks */ = {
			isa = PBXFrameworksBuildPhase;
			buildActionMask = 2147483647;
			files = (
			);
			runOnlyForDeploymentPostprocessing = 0;
		};
/* End PBXFrameworksBuildPhase section */

/* Begin PBXGroup section */
		5823159F260D89B700196ECC /* Model */ = {
			isa = PBXGroup;
			children = (
				582315A0260D89D400196ECC /* ObservableElement.swift */,
			);
			path = Model;
			sourceTree = "<group>";
		};
		58799BB926026439001B9E56 = {
			isa = PBXGroup;
			children = (
				58799BC426026439001B9E56 /* ISeeFoods */,
				58799BC326026439001B9E56 /* Products */,
			);
			sourceTree = "<group>";
		};
		58799BC326026439001B9E56 /* Products */ = {
			isa = PBXGroup;
			children = (
				58799BC226026439001B9E56 /* ISeeFoods.app */,
			);
			name = Products;
			sourceTree = "<group>";
		};
		58799BC426026439001B9E56 /* ISeeFoods */ = {
			isa = PBXGroup;
			children = (
				5823159F260D89B700196ECC /* Model */,
				58799BC526026439001B9E56 /* AppDelegate.swift */,
				58799BC726026439001B9E56 /* SceneDelegate.swift */,
				58799BC926026439001B9E56 /* ViewController.swift */,
				58799BCB26026439001B9E56 /* Main.storyboard */,
				58799BCE2602643E001B9E56 /* Assets.xcassets */,
				58799BD02602643E001B9E56 /* LaunchScreen.storyboard */,
				58799BD32602643E001B9E56 /* Info.plist */,
				58799BDA26026747001B9E56 /* Inceptionv3.mlmodel */,
			);
			path = ISeeFoods;
			sourceTree = "<group>";
		};
/* End PBXGroup section */

/* Begin PBXNativeTarget section */
		58799BC126026439001B9E56 /* ISeeFoods */ = {
			isa = PBXNativeTarget;
			buildConfigurationList = 58799BD62602643E001B9E56 /* Build configuration list for PBXNativeTarget "ISeeFoods" */;
			buildPhases = (
				58799BBE26026439001B9E56 /* Sources */,
				58799BBF26026439001B9E56 /* Frameworks */,
				58799BC026026439001B9E56 /* Resources */,
			);
			buildRules = (
			);
			dependencies = (
			);
			name = ISeeFoods;
			productName = ISeeFoods;
			productReference = 58799BC226026439001B9E56 /* ISeeFoods.app */;
			productType = "com.apple.product-type.application";
		};
/* End PBXNativeTarget section */

/* Begin PBXProject section */
		58799BBA26026439001B9E56 /* Project object */ = {
			isa = PBXProject;
			attributes = {
				LastSwiftUpdateCheck = 1240;
				LastUpgradeCheck = 1240;
				TargetAttributes = {
					58799BC126026439001B9E56 = {
						CreatedOnToolsVersion = 12.4;
					};
				};
			};
			buildConfigurationList = 58799BBD26026439001B9E56 /* Build configuration list for PBXProject "ISeeFoods" */;
			compatibilityVersion = "Xcode 9.3";
			developmentRegion = en;
			hasScannedForEncodings = 0;
			knownRegions = (
				en,
				Base,
			);
			mainGroup = 58799BB926026439001B9E56;
			productRefGroup = 58799BC326026439001B9E56 /* Products */;
			projectDirPath = "";
			projectRoot = "";
			targets = (
				58799BC126026439001B9E56 /* ISeeFoods */,
			);
		};
/* End PBXProject section */

/* Begin PBXResourcesBuildPhase section */
		58799BC026026439001B9E56 /* Resources */ = {
			isa = PBXResourcesBuildPhase;
			buildActionMask = 2147483647;
			files = (
				58799BD22602643E001B9E56 /* LaunchScreen.storyboard in Resources */,
				58799BCF2602643E001B9E56 /* Assets.xcassets in Resources */,
				58799BCD26026439001B9E56 /* Main.storyboard in Resources */,
			);
			runOnlyForDeploymentPostprocessing = 0;
		};
/* End PBXResourcesBuildPhase section */

/* Begin PBXSourcesBuildPhase section */
		58799BBE26026439001B9E56 /* Sources */ = {
			isa = PBXSourcesBuildPhase;
			buildActionMask = 2147483647;
			files = (
				582315A1260D89D400196ECC /* ObservableElement.swift in Sources */,
				58799BCA26026439001B9E56 /* ViewController.swift in Sources */,
				58799BDB26026747001B9E56 /* Inceptionv3.mlmodel in Sources */,
				58799BC626026439001B9E56 /* AppDelegate.swift in Sources */,
				58799BC826026439001B9E56 /* SceneDelegate.swift in Sources */,
			);
			runOnlyForDeploymentPostprocessing = 0;
		};
/* End PBXSourcesBuildPhase section */

/* Begin PBXVariantGroup section */
		58799BCB26026439001B9E56 /* Main.storyboard */ = {
			isa = PBXVariantGroup;
			children = (
				58799BCC26026439001B9E56 /* Base */,
			);
			name = Main.storyboard;
			sourceTree = "<group>";
		};
		58799BD02602643E001B9E56 /* LaunchScreen.storyboard */ = {
			isa = PBXVariantGroup;
			children = (
				58799BD12602643E001B9E56 /* Base */,
			);
			name = LaunchScreen.storyboard;
			sourceTree = "<group>";
		};
/* End PBXVariantGroup section */

/* Begin XCBuildConfiguration section */
		58799BD42602643E001B9E56 /* Debug */ = {
			isa = XCBuildConfiguration;
			buildSettings = {
				ALWAYS_SEARCH_USER_PATHS = NO;
				CLANG_ANALYZER_NONNULL = YES;
				CLANG_ANALYZER_NUMBER_OBJECT_CONVERSION = YES_AGGRESSIVE;
				CLANG_CXX_LANGUAGE_STANDARD = "gnu++14";
				CLANG_CXX_LIBRARY = "libc++";
				CLANG_ENABLE_MODULES = YES;
				CLANG_ENABLE_OBJC_ARC = YES;
				CLANG_ENABLE_OBJC_WEAK = YES;
				CLANG_WARN_BLOCK_CAPTURE_AUTORELEASING = YES;
				CLANG_WARN_BOOL_CONVERSION = YES;
				CLANG_WARN_COMMA = YES;
				CLANG_WARN_CONSTANT_CONVERSION = YES;
				CLANG_WARN_DEPRECATED_OBJC_IMPLEMENTATIONS = YES;
				CLANG_WARN_DIRECT_OBJC_ISA_USAGE = YES_ERROR;
				CLANG_WARN_DOCUMENTATION_COMMENTS = YES;
				CLANG_WARN_EMPTY_BODY = YES;
				CLANG_WARN_ENUM_CONVERSION = YES;
				CLANG_WARN_INFINITE_RECURSION = YES;
				CLANG_WARN_INT_CONVERSION = YES;
				CLANG_WARN_NON_LITERAL_NULL_CONVERSION = YES;
				CLANG_WARN_OBJC_IMPLICIT_RETAIN_SELF = YES;
				CLANG_WARN_OBJC_LITERAL_CONVERSION = YES;
				CLANG_WARN_OBJC_ROOT_CLASS = YES_ERROR;
				CLANG_WARN_QUOTED_INCLUDE_IN_FRAMEWORK_HEADER = YES;
				CLANG_WARN_RANGE_LOOP_ANALYSIS = YES;
				CLANG_WARN_STRICT_PROTOTYPES = YES;
				CLANG_WARN_SUSPICIOUS_MOVE = YES;
				CLANG_WARN_UNGUARDED_AVAILABILITY = YES_AGGRESSIVE;
				CLANG_WARN_UNREACHABLE_CODE = YES;
				CLANG_WARN__DUPLICATE_METHOD_MATCH = YES;
				COPY_PHASE_STRIP = NO;
				DEBUG_INFORMATION_FORMAT = dwarf;
				ENABLE_STRICT_OBJC_MSGSEND = YES;
				ENABLE_TESTABILITY = YES;
				GCC_C_LANGUAGE_STANDARD = gnu11;
				GCC_DYNAMIC_NO_PIC = NO;
				GCC_NO_COMMON_BLOCKS = YES;
				GCC_OPTIMIZATION_LEVEL = 0;
				GCC_PREPROCESSOR_DEFINITIONS = (
					"DEBUG=1",
					"$(inherited)",
				);
				GCC_WARN_64_TO_32_BIT_CONVERSION = YES;
				GCC_WARN_ABOUT_RETURN_TYPE = YES_ERROR;
				GCC_WARN_UNDECLARED_SELECTOR = YES;
				GCC_WARN_UNINITIALIZED_AUTOS = YES_AGGRESSIVE;
				GCC_WARN_UNUSED_FUNCTION = YES;
				GCC_WARN_UNUSED_VARIABLE = YES;
				IPHONEOS_DEPLOYMENT_TARGET = 14.4;
				MTL_ENABLE_DEBUG_INFO = INCLUDE_SOURCE;
				MTL_FAST_MATH = YES;
				ONLY_ACTIVE_ARCH = YES;
				SDKROOT = iphoneos;
				SWIFT_ACTIVE_COMPILATION_CONDITIONS = DEBUG;
				SWIFT_OPTIMIZATION_LEVEL = "-Onone";
			};
			name = Debug;
		};
		58799BD52602643E001B9E56 /* Release */ = {
			isa = XCBuildConfiguration;
			buildSettings = {
				ALWAYS_SEARCH_USER_PATHS = NO;
				CLANG_ANALYZER_NONNULL = YES;
				CLANG_ANALYZER_NUMBER_OBJECT_CONVERSION = YES_AGGRESSIVE;
				CLANG_CXX_LANGUAGE_STANDARD = "gnu++14";
				CLANG_CXX_LIBRARY = "libc++";
				CLANG_ENABLE_MODULES = YES;
				CLANG_ENABLE_OBJC_ARC = YES;
				CLANG_ENABLE_OBJC_WEAK = YES;
				CLANG_WARN_BLOCK_CAPTURE_AUTORELEASING = YES;
				CLANG_WARN_BOOL_CONVERSION = YES;
				CLANG_WARN_COMMA = YES;
				CLANG_WARN_CONSTANT_CONVERSION = YES;
				CLANG_WARN_DEPRECATED_OBJC_IMPLEMENTATIONS = YES;
				CLANG_WARN_DIRECT_OBJC_ISA_USAGE = YES_ERROR;
				CLANG_WARN_DOCUMENTATION_COMMENTS = YES;
				CLANG_WARN_EMPTY_BODY = YES;
				CLANG_WARN_ENUM_CONVERSION = YES;
				CLANG_WARN_INFINITE_RECURSION = YES;
				CLANG_WARN_INT_CONVERSION = YES;
				CLANG_WARN_NON_LITERAL_NULL_CONVERSION = YES;
				CLANG_WARN_OBJC_IMPLICIT_RETAIN_SELF = YES;
				CLANG_WARN_OBJC_LITERAL_CONVERSION = YES;
				CLANG_WARN_OBJC_ROOT_CLASS = YES_ERROR;
				CLANG_WARN_QUOTED_INCLUDE_IN_FRAMEWORK_HEADER = YES;
				CLANG_WARN_RANGE_LOOP_ANALYSIS = YES;
				CLANG_WARN_STRICT_PROTOTYPES = YES;
				CLANG_WARN_SUSPICIOUS_MOVE = YES;
				CLANG_WARN_UNGUARDED_AVAILABILITY = YES_AGGRESSIVE;
				CLANG_WARN_UNREACHABLE_CODE = YES;
				CLANG_WARN__DUPLICATE_METHOD_MATCH = YES;
				COPY_PHASE_STRIP = NO;
				DEBUG_INFORMATION_FORMAT = "dwarf-with-dsym";
				ENABLE_NS_ASSERTIONS = NO;
				ENABLE_STRICT_OBJC_MSGSEND = YES;
				GCC_C_LANGUAGE_STANDARD = gnu11;
				GCC_NO_COMMON_BLOCKS = YES;
				GCC_WARN_64_TO_32_BIT_CONVERSION = YES;
				GCC_WARN_ABOUT_RETURN_TYPE = YES_ERROR;
				GCC_WARN_UNDECLARED_SELECTOR = YES;
				GCC_WARN_UNINITIALIZED_AUTOS = YES_AGGRESSIVE;
				GCC_WARN_UNUSED_FUNCTION = YES;
				GCC_WARN_UNUSED_VARIABLE = YES;
				IPHONEOS_DEPLOYMENT_TARGET = 14.4;
				MTL_ENABLE_DEBUG_INFO = NO;
				MTL_FAST_MATH = YES;
				SDKROOT = iphoneos;
				SWIFT_COMPILATION_MODE = wholemodule;
				SWIFT_OPTIMIZATION_LEVEL = "-O";
				VALIDATE_PRODUCT = YES;
			};
			name = Release;
		};
		58799BD72602643E001B9E56 /* Debug */ = {
			isa = XCBuildConfiguration;
			buildSettings = {
				ASSETCATALOG_COMPILER_APPICON_NAME = AppIcon;
				ASSETCATALOG_COMPILER_GLOBAL_ACCENT_COLOR_NAME = AccentColor;
				CODE_SIGN_STYLE = Automatic;
				DEVELOPMENT_TEAM = 4KLBALJT2L;
				INFOPLIST_FILE = ISeeFoods/Info.plist;
				LD_RUNPATH_SEARCH_PATHS = (
					"$(inherited)",
					"@executable_path/Frameworks",
				);
				PRODUCT_BUNDLE_IDENTIFIER = com.carcarasoftware.ISeeFoods;
				PRODUCT_NAME = "$(TARGET_NAME)";
				SWIFT_VERSION = 5.0;
				TARGETED_DEVICE_FAMILY = "1,2";
			};
			name = Debug;
		};
		58799BD82602643E001B9E56 /* Release */ = {
			isa = XCBuildConfiguration;
			buildSettings = {
				ASSETCATALOG_COMPILER_APPICON_NAME = AppIcon;
				ASSETCATALOG_COMPILER_GLOBAL_ACCENT_COLOR_NAME = AccentColor;
				CODE_SIGN_STYLE = Automatic;
				DEVELOPMENT_TEAM = 4KLBALJT2L;
				INFOPLIST_FILE = ISeeFoods/Info.plist;
				LD_RUNPATH_SEARCH_PATHS = (
					"$(inherited)",
					"@executable_path/Frameworks",
				);
				PRODUCT_BUNDLE_IDENTIFIER = com.carcarasoftware.ISeeFoods;
				PRODUCT_NAME = "$(TARGET_NAME)";
				SWIFT_VERSION = 5.0;
				TARGETED_DEVICE_FAMILY = "1,2";
			};
			name = Release;
		};
/* End XCBuildConfiguration section */

/* Begin XCConfigurationList section */
		58799BBD26026439001B9E56 /* Build configuration list for PBXProject "ISeeFoods" */ = {
			isa = XCConfigurationList;
			buildConfigurations = (
				58799BD42602643E001B9E56 /* Debug */,
				58799BD52602643E001B9E56 /* Release */,
			);
			defaultConfigurationIsVisible = 0;
			defaultConfigurationName = Release;
		};
		58799BD62602643E001B9E56 /* Build configuration list for PBXNativeTarget "ISeeFoods" */ = {
			isa = XCConfigurationList;
			buildConfigurations = (
				58799BD72602643E001B9E56 /* Debug */,
				58799BD82602643E001B9E56 /* Release */,
			);
			defaultConfigurationIsVisible = 0;
			defaultConfigurationName = Release;
		};
/* End XCConfigurationList section */
	};
	rootObject = 58799BBA26026439001B9E56 /* Project object */;
}
